{
  "name": "iyscodemovil-bridge",
  "version": "0.1.0",
  "lockfileVersion": 3,
  "requires": true,
  "packages": {
    "": {
      "name": "iyscodemovil-bridge",
      "version": "0.1.0",
      "description": "Pair IysCode Movil with OpenCode-compatible desktop runtimes.",
      "license": "MIT",
      "bin": {
        "iyscodemovil": "Bridge/bin/iyscodemovil.mjs"
      },
      "engines": {
        "node": ">=18"
      }
    }
  }
}
